{
  "nodes": {
    "dbusProxyFlake": {
      "inputs": {
        "nixpkgs": [
          "nixpkgs"
        ]
      },
      "locked": {
        "lastModified": 1718290942,
        "narHash": "sha256-H5dnVVAdfnTHX7w3YSlBbkTN1WrKbhRb9t1Q4SvwJ7I=",
        "owner": "stefano-m",
        "repo": "lua-dbus_proxy",
        "rev": "0d0f42d074beca5b1a36d676a822480a3d4c6bb2",
        "type": "github"
      },
      "original": {
        "owner": "stefano-m",
        "ref": "master",
        "repo": "lua-dbus_proxy",
        "type": "github"
      }
    },
    "enumFlake": {
      "inputs": {
        "nixpkgs": [
          "nixpkgs"
        ]
      },
      "locked": {
        "lastModified": 1670589611,
        "narHash": "sha256-UltTbaz4Sq2/YhggzaVA9xfcSNyibDqcG7RAvda3zoM=",
        "owner": "stefano-m",
        "repo": "lua-enum",
        "rev": "0756c5114ed716f0c286d78b3241c3795632e6a9",
        "type": "github"
      },
      "original": {
        "owner": "stefano-m",
        "ref": "master",
        "repo": "lua-enum",
        "type": "github"
      }
    },
    "nixpkgs": {
      "locked": {
        "lastModified": 1718208800,
        "narHash": "sha256-US1tAChvPxT52RV8GksWZS415tTS7PV42KTc2PNDBmc=",
        "owner": "NixOS",
        "repo": "nixpkgs",
        "rev": "cc54fb41d13736e92229c21627ea4f22199fee6b",
        "type": "github"
      },
      "original": {
        "owner": "NixOS",
        "ref": "nixos-24.05",
        "repo": "nixpkgs",
        "type": "github"
      }
    },
    "root": {
      "inputs": {
        "dbusProxyFlake": "dbusProxyFlake",
        "enumFlake": "enumFlake",
        "nixpkgs": "nixpkgs"
      }
    }
  },
  "root": "root",
  "version": 7
}
