{
  "nodes": {
    "dbusProxyFlake": {
      "inputs": {
        "nixpkgs": [
          "nixpkgs"
        ]
      },
      "locked": {
        "lastModified": 1670591869,
        "narHash": "sha256-tY0/7RvCtTMXNYubpxEuNd918f3kwKgb+mQK2bG0r1Q=",
        "owner": "stefano-m",
        "repo": "lua-dbus_proxy",
        "rev": "cf196564a0db5fb55c8913a7faafbe69f0b45fdf",
        "type": "github"
      },
      "original": {
        "owner": "stefano-m",
        "ref": "master",
        "repo": "lua-dbus_proxy",
        "type": "github"
      }
    },
    "enumFlake": {
      "inputs": {
        "nixpkgs": [
          "nixpkgs"
        ]
      },
      "locked": {
        "lastModified": 1670589611,
        "narHash": "sha256-UltTbaz4Sq2/YhggzaVA9xfcSNyibDqcG7RAvda3zoM=",
        "owner": "stefano-m",
        "repo": "lua-enum",
        "rev": "0756c5114ed716f0c286d78b3241c3795632e6a9",
        "type": "github"
      },
      "original": {
        "owner": "stefano-m",
        "ref": "master",
        "repo": "lua-enum",
        "type": "github"
      }
    },
    "nixpkgs": {
      "locked": {
        "lastModified": 1670543317,
        "narHash": "sha256-4mMR56rtxKr+Gwz399jFr4i76SQZxsLWxxyfQlPXRm0=",
        "owner": "NixOS",
        "repo": "nixpkgs",
        "rev": "7a6a010c3a1d00f8470a5ca888f2f927f1860a19",
        "type": "github"
      },
      "original": {
        "owner": "NixOS",
        "ref": "nixos-22.11",
        "repo": "nixpkgs",
        "type": "github"
      }
    },
    "root": {
      "inputs": {
        "dbusProxyFlake": "dbusProxyFlake",
        "enumFlake": "enumFlake",
        "nixpkgs": "nixpkgs"
      }
    }
  },
  "root": "root",
  "version": 7
}
